PODS:
  - Firebase/CoreOnly (5.10.0):
    - FirebaseCore (= 5.1.5)
  - Firebase/Database (5.10.0):
    - Firebase/CoreOnly
    - FirebaseDatabase (= 5.0.3)
  - FirebaseCore (5.1.5):
    - GoogleUtilities/Logger (~> 5.2)
  - FirebaseDatabase (5.0.3):
    - FirebaseCore (~> 5.0)
    - leveldb-library (~> 1.18)
  - GoogleUtilities/Environment (5.3.3)
  - GoogleUtilities/Logger (5.3.3):
    - GoogleUtilities/Environment
  - leveldb-library (1.20)

DEPENDENCIES:
  - Firebase/Database

SPEC REPOS:
  https://github.com/cocoapods/specs.git:
    - Firebase
    - FirebaseCore
    - FirebaseDatabase
    - GoogleUtilities
    - leveldb-library

SPEC CHECKSUMS:
  Firebase: 6691d47562a780c26281ce8464518faafc90c610
  FirebaseCore: c6079de64c1a87000e52e9b408dddcadc901177f
  FirebaseDatabase: e2bcbc106adc4b11a2da3ec2eb63c0c4a44f2f54
  GoogleUtilities: 8208aee3e97a1ae93d44c57e96c476a5a3b03f0a
  leveldb-library: 08cba283675b7ed2d99629a4bc5fd052cd2bb6a5

PODFILE CHECKSUM: 062d06e4397c50158d16274eb0adbd2cd6f57e42

COCOAPODS: 1.5.3
